
Microsoft Visual Studio Solution File, Format Version 12.00
# Visual Studio Version 17
VisualStudioVersion = 17.3.32922.545
MinimumVisualStudioVersion = 10.0.40219.1
Project("{FAE04EC0-301F-11D3-BF4B-00C04F79EFBC}") = "Sycilines", "Sycilines\Sycilines.csproj", "{208AC959-3F77-469F-B6FF-5E8DA7069362}"
EndProject
Global
	GlobalSection(SolutionConfigurationPlatforms) = preSolution
		Debug|Any CPU = Debug|Any CPU
		Release|Any CPU = Release|Any CPU
	EndGlobalSection
	GlobalSection(ProjectConfigurationPlatforms) = postSolution
		{208AC959-3F77-469F-B6FF-5E8DA7069362}.Debug|Any CPU.ActiveCfg = Debug|Any CPU
		{208AC959-3F77-469F-B6FF-5E8DA7069362}.Debug|Any CPU.Build.0 = Debug|Any CPU
		{208AC959-3F77-469F-B6FF-5E8DA7069362}.Release|Any CPU.ActiveCfg = Release|Any CPU
		{208AC959-3F77-469F-B6FF-5E8DA7069362}.Release|Any CPU.Build.0 = Release|Any CPU
	EndGlobalSection
	GlobalSection(SolutionProperties) = preSolution
		HideSolutionNode = FALSE
	EndGlobalSection
	GlobalSection(ExtensibilityGlobals) = postSolution
		SolutionGuid = {C1B5D896-EF3B-4594-AD6A-03E2FCCF747E}
	EndGlobalSection
EndGlobal
